github.com/cilium/ebpf v0.12.3 h1:8ht6F9MquybnY97at+VDZb3eQQr8ev79RueWeVaEcG4=
github.com/cilium/ebpf v0.12.3/go.mod h1:TctK1ivibvI3znr66ljgi4hqOT8EYQjz1KWBfb1UVgM=
github.com/cilium/ebpf v0.20.0 h1:atwWj9d3NffHyPZzVlx3hmw1on5CLe9eljR8VuHTwhM=
github.com/cilium/ebpf v0.20.0/go.mod h1:pzLjFymM+uZPLk/IXZUL63xdx5VXEo+enTzxkZXdycw=
golang.org/x/exp v0.0.0-20230224173230-c95f2b4c22f2/go.mod h1:CxIveKay+FTh1D0yPZemJVgC/95VzuuOLq5Qi4xnoYc=
golang.org/x/sys v0.37.0 h1:fdNQudmxPjkdUTPnLn5mdQv7Zwvbvpaxqs831goi9kQ=
golang.org/x/sys v0.37.0/go.mod h1:OgkHotnGiDImocRcuBABYBEXf8A9a87e/uXjp9XT3ks=
